
Microsoft Visual Studio Solution File, Format Version 12.00
# Visual Studio 2013
VisualStudioVersion = 12.0.40629.0
MinimumVisualStudioVersion = 10.0.40219.1
Project("{FAE04EC0-301F-11D3-BF4B-00C04F79EFBC}") = "JarvisUI", "JarvisUI\JarvisUI.csproj", "{BCA73430-ECA4-4865-922A-38E7C2881F18}"
EndProject
Project("{FAE04EC0-301F-11D3-BF4B-00C04F79EFBC}") = "Neurons", "Neurons\Neurons.csproj", "{4B2FB1C2-56AC-4CC2-B208-AE642BB5178D}"
EndProject
Project("{FAE04EC0-301F-11D3-BF4B-00C04F79EFBC}") = "DataTransformer", "DataTransformer\DataTransformer.csproj", "{15271DA3-1DA1-4AFC-86E2-A8955AB97E16}"
EndProject
Project("{FAE04EC0-301F-11D3-BF4B-00C04F79EFBC}") = "OutputClasses", "OutputClasses\OutputClasses.csproj", "{91DC9994-1D5C-4E4D-B0DE-7C2EEB31896C}"
EndProject
Global
	GlobalSection(SolutionConfigurationPlatforms) = preSolution
		Debug|Any CPU = Debug|Any CPU
		Release|Any CPU = Release|Any CPU
	EndGlobalSection
	GlobalSection(ProjectConfigurationPlatforms) = postSolution
		{BCA73430-ECA4-4865-922A-38E7C2881F18}.Debug|Any CPU.ActiveCfg = Debug|Any CPU
		{BCA73430-ECA4-4865-922A-38E7C2881F18}.Debug|Any CPU.Build.0 = Debug|Any CPU
		{BCA73430-ECA4-4865-922A-38E7C2881F18}.Release|Any CPU.ActiveCfg = Release|Any CPU
		{BCA73430-ECA4-4865-922A-38E7C2881F18}.Release|Any CPU.Build.0 = Release|Any CPU
		{4B2FB1C2-56AC-4CC2-B208-AE642BB5178D}.Debug|Any CPU.ActiveCfg = Debug|Any CPU
		{4B2FB1C2-56AC-4CC2-B208-AE642BB5178D}.Debug|Any CPU.Build.0 = Debug|Any CPU
		{4B2FB1C2-56AC-4CC2-B208-AE642BB5178D}.Release|Any CPU.ActiveCfg = Release|Any CPU
		{4B2FB1C2-56AC-4CC2-B208-AE642BB5178D}.Release|Any CPU.Build.0 = Release|Any CPU
		{15271DA3-1DA1-4AFC-86E2-A8955AB97E16}.Debug|Any CPU.ActiveCfg = Debug|Any CPU
		{15271DA3-1DA1-4AFC-86E2-A8955AB97E16}.Debug|Any CPU.Build.0 = Debug|Any CPU
		{15271DA3-1DA1-4AFC-86E2-A8955AB97E16}.Release|Any CPU.ActiveCfg = Release|Any CPU
		{15271DA3-1DA1-4AFC-86E2-A8955AB97E16}.Release|Any CPU.Build.0 = Release|Any CPU
		{91DC9994-1D5C-4E4D-B0DE-7C2EEB31896C}.Debug|Any CPU.ActiveCfg = Debug|Any CPU
		{91DC9994-1D5C-4E4D-B0DE-7C2EEB31896C}.Debug|Any CPU.Build.0 = Debug|Any CPU
		{91DC9994-1D5C-4E4D-B0DE-7C2EEB31896C}.Release|Any CPU.ActiveCfg = Release|Any CPU
		{91DC9994-1D5C-4E4D-B0DE-7C2EEB31896C}.Release|Any CPU.Build.0 = Release|Any CPU
	EndGlobalSection
	GlobalSection(SolutionProperties) = preSolution
		HideSolutionNode = FALSE
	EndGlobalSection
EndGlobal
